// !$*UTF8*$!
{
	archiveVersion = 1;
	classes = {
	};
	objectVersion = 50;
	objects = {

/* Begin PBXBuildFile section */
		A642D10F248E94DC006293F4 /* AppDelegate.swift in Sources */ = {isa = PBXBuildFile; fileRef = A642D10E248E94DC006293F4 /* AppDelegate.swift */; };
		A642D111248E94DC006293F4 /* SceneDelegate.swift in Sources */ = {isa = PBXBuildFile; fileRef = A642D110248E94DC006293F4 /* SceneDelegate.swift */; };
		A642D116248E94DC006293F4 /* Main.storyboard in Resources */ = {isa = PBXBuildFile; fileRef = A642D114248E94DC006293F4 /* Main.storyboard */; };
		A642D119248E94DC006293F4 /* ToDoList.xcdatamodeld in Sources */ = {isa = PBXBuildFile; fileRef = A642D117248E94DC006293F4 /* ToDoList.xcdatamodeld */; };
		A642D11B248E94E3006293F4 /* Assets.xcassets in Resources */ = {isa = PBXBuildFile; fileRef = A642D11A248E94E3006293F4 /* Assets.xcassets */; };
		A642D11E248E94E3006293F4 /* LaunchScreen.storyboard in Resources */ = {isa = PBXBuildFile; fileRef = A642D11C248E94E3006293F4 /* LaunchScreen.storyboard */; };
		A642D129248E94E4006293F4 /* ToDoListTests.swift in Sources */ = {isa = PBXBuildFile; fileRef = A642D128248E94E4006293F4 /* ToDoListTests.swift */; };
		A642D134248E94E4006293F4 /* ToDoListUITests.swift in Sources */ = {isa = PBXBuildFile; fileRef = A642D133248E94E4006293F4 /* ToDoListUITests.swift */; };
		A642D144248E9BE8006293F4 /* ToDoTableViewController.swift in Sources */ = {isa = PBXBuildFile; fileRef = A642D143248E9BE8006293F4 /* ToDoTableViewController.swift */; };
		A642D146248E9E40006293F4 /* ToDo.swift in Sources */ = {isa = PBXBuildFile; fileRef = A642D145248E9E40006293F4 /* ToDo.swift */; };
/* End PBXBuildFile section */

/* Begin PBXContainerItemProxy section */
		A642D125248E94E4006293F4 /* PBXContainerItemProxy */ = {
			isa = PBXContainerItemProxy;
			containerPortal = A642D103248E94DB006293F4 /* Project object */;
			proxyType = 1;
			remoteGlobalIDString = A642D10A248E94DC006293F4;
			remoteInfo = ToDoList;
		};
		A642D130248E94E4006293F4 /* PBXContainerItemProxy */ = {
			isa = PBXContainerItemProxy;
			containerPortal = A642D103248E94DB006293F4 /* Project object */;
			proxyType = 1;
			remoteGlobalIDString = A642D10A248E94DC006293F4;
			remoteInfo = ToDoList;
		};
/* End PBXContainerItemProxy section */

/* Begin PBXFileReference section */
		A642D10B248E94DC006293F4 /* FinalProject.app */ = {isa = PBXFileReference; explicitFileType = wrapper.application; includeInIndex = 0; path = FinalProject.app; sourceTree = BUILT_PRODUCTS_DIR; };
		A642D10E248E94DC006293F4 /* AppDelegate.swift */ = {isa = PBXFileReference; lastKnownFileType = sourcecode.swift; path = AppDelegate.swift; sourceTree = "<group>"; };
		A642D110248E94DC006293F4 /* SceneDelegate.swift */ = {isa = PBXFileReference; lastKnownFileType = sourcecode.swift; path = SceneDelegate.swift; sourceTree = "<group>"; };
		A642D115248E94DC006293F4 /* Base */ = {isa = PBXFileReference; lastKnownFileType = file.storyboard; name = Base; path = Base.lproj/Main.storyboard; sourceTree = "<group>"; };
		A642D118248E94DC006293F4 /* ToDoList.xcdatamodel */ = {isa = PBXFileReference; lastKnownFileType = wrapper.xcdatamodel; path = ToDoList.xcdatamodel; sourceTree = "<group>"; };
		A642D11A248E94E3006293F4 /* Assets.xcassets */ = {isa = PBXFileReference; lastKnownFileType = folder.assetcatalog; path = Assets.xcassets; sourceTree = "<group>"; };
		A642D11D248E94E3006293F4 /* Base */ = {isa = PBXFileReference; lastKnownFileType = file.storyboard; name = Base; path = Base.lproj/LaunchScreen.storyboard; sourceTree = "<group>"; };
		A642D11F248E94E3006293F4 /* Info.plist */ = {isa = PBXFileReference; lastKnownFileType = text.plist.xml; path = Info.plist; sourceTree = "<group>"; };
		A642D124248E94E4006293F4 /* ToDoListTests.xctest */ = {isa = PBXFileReference; explicitFileType = wrapper.cfbundle; includeInIndex = 0; path = ToDoListTests.xctest; sourceTree = BUILT_PRODUCTS_DIR; };
		A642D128248E94E4006293F4 /* ToDoListTests.swift */ = {isa = PBXFileReference; lastKnownFileType = sourcecode.swift; path = ToDoListTests.swift; sourceTree = "<group>"; };
		A642D12A248E94E4006293F4 /* Info.plist */ = {isa = PBXFileReference; lastKnownFileType = text.plist.xml; path = Info.plist; sourceTree = "<group>"; };
		A642D12F248E94E4006293F4 /* ToDoListUITests.xctest */ = {isa = PBXFileReference; explicitFileType = wrapper.cfbundle; includeInIndex = 0; path = ToDoListUITests.xctest; sourceTree = BUILT_PRODUCTS_DIR; };
		A642D133248E94E4006293F4 /* ToDoListUITests.swift */ = {isa = PBXFileReference; lastKnownFileType = sourcecode.swift; path = ToDoListUITests.swift; sourceTree = "<group>"; };
		A642D135248E94E4006293F4 /* Info.plist */ = {isa = PBXFileReference; lastKnownFileType = text.plist.xml; path = Info.plist; sourceTree = "<group>"; };
		A642D143248E9BE8006293F4 /* ToDoTableViewController.swift */ = {isa = PBXFileReference; lastKnownFileType = sourcecode.swift; path = ToDoTableViewController.swift; sourceTree = "<group>"; };
		A642D145248E9E40006293F4 /* ToDo.swift */ = {isa = PBXFileReference; lastKnownFileType = sourcecode.swift; path = ToDo.swift; sourceTree = "<group>"; };
/* End PBXFileReference section */

/* Begin PBXFrameworksBuildPhase section */
		A642D108248E94DC006293F4 /* Frameworks */ = {
			isa = PBXFrameworksBuildPhase;
			buildActionMask = 2147483647;
			files = (
			);
			runOnlyForDeploymentPostprocessing = 0;
		};
		A642D121248E94E4006293F4 /* Frameworks */ = {
			isa = PBXFrameworksBuildPhase;
			buildActionMask = 2147483647;
			files = (
			);
			runOnlyForDeploymentPostprocessing = 0;
		};
		A642D12C248E94E4006293F4 /* Frameworks */ = {
			isa = PBXFrameworksBuildPhase;
			buildActionMask = 2147483647;
			files = (
			);
			runOnlyForDeploymentPostprocessing = 0;
		};
/* End PBXFrameworksBuildPhase section */

/* Begin PBXGroup section */
		A642D102248E94DB006293F4 = {
			isa = PBXGroup;
			children = (
				A642D10D248E94DC006293F4 /* ToDoList */,
				A642D127248E94E4006293F4 /* ToDoListTests */,
				A642D132248E94E4006293F4 /* ToDoListUITests */,
				A642D10C248E94DC006293F4 /* Products */,
			);
			sourceTree = "<group>";
		};
		A642D10C248E94DC006293F4 /* Products */ = {
			isa = PBXGroup;
			children = (
				A642D10B248E94DC006293F4 /* FinalProject.app */,
				A642D124248E94E4006293F4 /* ToDoListTests.xctest */,
				A642D12F248E94E4006293F4 /* ToDoListUITests.xctest */,
			);
			name = Products;
			sourceTree = "<group>";
		};
		A642D10D248E94DC006293F4 /* ToDoList */ = {
			isa = PBXGroup;
			children = (
				A642D10E248E94DC006293F4 /* AppDelegate.swift */,
				A642D110248E94DC006293F4 /* SceneDelegate.swift */,
				A642D114248E94DC006293F4 /* Main.storyboard */,
				A642D11A248E94E3006293F4 /* Assets.xcassets */,
				A642D11C248E94E3006293F4 /* LaunchScreen.storyboard */,
				A642D11F248E94E3006293F4 /* Info.plist */,
				A642D117248E94DC006293F4 /* ToDoList.xcdatamodeld */,
				A642D143248E9BE8006293F4 /* ToDoTableViewController.swift */,
				A642D145248E9E40006293F4 /* ToDo.swift */,
			);
			path = ToDoList;
			sourceTree = "<group>";
		};
		A642D127248E94E4006293F4 /* ToDoListTests */ = {
			isa = PBXGroup;
			children = (
				A642D128248E94E4006293F4 /* ToDoListTests.swift */,
				A642D12A248E94E4006293F4 /* Info.plist */,
			);
			path = ToDoListTests;
			sourceTree = "<group>";
		};
		A642D132248E94E4006293F4 /* ToDoListUITests */ = {
			isa = PBXGroup;
			children = (
				A642D133248E94E4006293F4 /* ToDoListUITests.swift */,
				A642D135248E94E4006293F4 /* Info.plist */,
			);
			path = ToDoListUITests;
			sourceTree = "<group>";
		};
/* End PBXGroup section */

/* Begin PBXNativeTarget section */
		A642D10A248E94DC006293F4 /* ToDoList */ = {
			isa = PBXNativeTarget;
			buildConfigurationList = A642D138248E94E4006293F4 /* Build configuration list for PBXNativeTarget "ToDoList" */;
			buildPhases = (
				A642D107248E94DC006293F4 /* Sources */,
				A642D108248E94DC006293F4 /* Frameworks */,
				A642D109248E94DC006293F4 /* Resources */,
			);
			buildRules = (
			);
			dependencies = (
			);
			name = ToDoList;
			productName = ToDoList;
			productReference = A642D10B248E94DC006293F4 /* FinalProject.app */;
			productType = "com.apple.product-type.application";
		};
		A642D123248E94E4006293F4 /* ToDoListTests */ = {
			isa = PBXNativeTarget;
			buildConfigurationList = A642D13B248E94E4006293F4 /* Build configuration list for PBXNativeTarget "ToDoListTests" */;
			buildPhases = (
				A642D120248E94E4006293F4 /* Sources */,
				A642D121248E94E4006293F4 /* Frameworks */,
				A642D122248E94E4006293F4 /* Resources */,
			);
			buildRules = (
			);
			dependencies = (
				A642D126248E94E4006293F4 /* PBXTargetDependency */,
			);
			name = ToDoListTests;
			productName = ToDoListTests;
			productReference = A642D124248E94E4006293F4 /* ToDoListTests.xctest */;
			productType = "com.apple.product-type.bundle.unit-test";
		};
		A642D12E248E94E4006293F4 /* ToDoListUITests */ = {
			isa = PBXNativeTarget;
			buildConfigurationList = A642D13E248E94E4006293F4 /* Build configuration list for PBXNativeTarget "ToDoListUITests" */;
			buildPhases = (
				A642D12B248E94E4006293F4 /* Sources */,
				A642D12C248E94E4006293F4 /* Frameworks */,
				A642D12D248E94E4006293F4 /* Resources */,
			);
			buildRules = (
			);
			dependencies = (
				A642D131248E94E4006293F4 /* PBXTargetDependency */,
			);
			name = ToDoListUITests;
			productName = ToDoListUITests;
			productReference = A642D12F248E94E4006293F4 /* ToDoListUITests.xctest */;
			productType = "com.apple.product-type.bundle.ui-testing";
		};
/* End PBXNativeTarget section */

/* Begin PBXProject section */
		A642D103248E94DB006293F4 /* Project object */ = {
			isa = PBXProject;
			attributes = {
				LastSwiftUpdateCheck = 1150;
				LastUpgradeCheck = 1150;
				ORGANIZATIONNAME = "Keegan Ryan";
				TargetAttributes = {
					A642D10A248E94DC006293F4 = {
						CreatedOnToolsVersion = 11.5;
					};
					A642D123248E94E4006293F4 = {
						CreatedOnToolsVersion = 11.5;
						TestTargetID = A642D10A248E94DC006293F4;
					};
					A642D12E248E94E4006293F4 = {
						CreatedOnToolsVersion = 11.5;
						TestTargetID = A642D10A248E94DC006293F4;
					};
				};
			};
			buildConfigurationList = A642D106248E94DB006293F4 /* Build configuration list for PBXProject "ToDoList" */;
			compatibilityVersion = "Xcode 9.3";
			developmentRegion = en;
			hasScannedForEncodings = 0;
			knownRegions = (
				en,
				Base,
			);
			mainGroup = A642D102248E94DB006293F4;
			productRefGroup = A642D10C248E94DC006293F4 /* Products */;
			projectDirPath = "";
			projectRoot = "";
			targets = (
				A642D10A248E94DC006293F4 /* ToDoList */,
				A642D123248E94E4006293F4 /* ToDoListTests */,
				A642D12E248E94E4006293F4 /* ToDoListUITests */,
			);
		};
/* End PBXProject section */

/* Begin PBXResourcesBuildPhase section */
		A642D109248E94DC006293F4 /* Resources */ = {
			isa = PBXResourcesBuildPhase;
			buildActionMask = 2147483647;
			files = (
				A642D11E248E94E3006293F4 /* LaunchScreen.storyboard in Resources */,
				A642D11B248E94E3006293F4 /* Assets.xcassets in Resources */,
				A642D116248E94DC006293F4 /* Main.storyboard in Resources */,
			);
			runOnlyForDeploymentPostprocessing = 0;
		};
		A642D122248E94E4006293F4 /* Resources */ = {
			isa = PBXResourcesBuildPhase;
			buildActionMask = 2147483647;
			files = (
			);
			runOnlyForDeploymentPostprocessing = 0;
		};
		A642D12D248E94E4006293F4 /* Resources */ = {
			isa = PBXResourcesBuildPhase;
			buildActionMask = 2147483647;
			files = (
			);
			runOnlyForDeploymentPostprocessing = 0;
		};
/* End PBXResourcesBuildPhase section */

/* Begin PBXSourcesBuildPhase section */
		A642D107248E94DC006293F4 /* Sources */ = {
			isa = PBXSourcesBuildPhase;
			buildActionMask = 2147483647;
			files = (
				A642D10F248E94DC006293F4 /* AppDelegate.swift in Sources */,
				A642D146248E9E40006293F4 /* ToDo.swift in Sources */,
				A642D144248E9BE8006293F4 /* ToDoTableViewController.swift in Sources */,
				A642D111248E94DC006293F4 /* SceneDelegate.swift in Sources */,
				A642D119248E94DC006293F4 /* ToDoList.xcdatamodeld in Sources */,
			);
			runOnlyForDeploymentPostprocessing = 0;
		};
		A642D120248E94E4006293F4 /* Sources */ = {
			isa = PBXSourcesBuildPhase;
			buildActionMask = 2147483647;
			files = (
				A642D129248E94E4006293F4 /* ToDoListTests.swift in Sources */,
			);
			runOnlyForDeploymentPostprocessing = 0;
		};
		A642D12B248E94E4006293F4 /* Sources */ = {
			isa = PBXSourcesBuildPhase;
			buildActionMask = 2147483647;
			files = (
				A642D134248E94E4006293F4 /* ToDoListUITests.swift in Sources */,
			);
			runOnlyForDeploymentPostprocessing = 0;
		};
/* End PBXSourcesBuildPhase section */

/* Begin PBXTargetDependency section */
		A642D126248E94E4006293F4 /* PBXTargetDependency */ = {
			isa = PBXTargetDependency;
			target = A642D10A248E94DC006293F4 /* ToDoList */;
			targetProxy = A642D125248E94E4006293F4 /* PBXContainerItemProxy */;
		};
		A642D131248E94E4006293F4 /* PBXTargetDependency */ = {
			isa = PBXTargetDependency;
			target = A642D10A248E94DC006293F4 /* ToDoList */;
			targetProxy = A642D130248E94E4006293F4 /* PBXContainerItemProxy */;
		};
/* End PBXTargetDependency section */

/* Begin PBXVariantGroup section */
		A642D114248E94DC006293F4 /* Main.storyboard */ = {
			isa = PBXVariantGroup;
			children = (
				A642D115248E94DC006293F4 /* Base */,
			);
			name = Main.storyboard;
			sourceTree = "<group>";
		};
		A642D11C248E94E3006293F4 /* LaunchScreen.storyboard */ = {
			isa = PBXVariantGroup;
			children = (
				A642D11D248E94E3006293F4 /* Base */,
			);
			name = LaunchScreen.storyboard;
			sourceTree = "<group>";
		};
/* End PBXVariantGroup section */

/* Begin XCBuildConfiguration section */
		A642D136248E94E4006293F4 /* Debug */ = {
			isa = XCBuildConfiguration;
			buildSettings = {
				ALWAYS_SEARCH_USER_PATHS = NO;
				CLANG_ANALYZER_NONNULL = YES;
				CLANG_ANALYZER_NUMBER_OBJECT_CONVERSION = YES_AGGRESSIVE;
				CLANG_CXX_LANGUAGE_STANDARD = "gnu++14";
				CLANG_CXX_LIBRARY = "libc++";
				CLANG_ENABLE_MODULES = YES;
				CLANG_ENABLE_OBJC_ARC = YES;
				CLANG_ENABLE_OBJC_WEAK = YES;
				CLANG_WARN_BLOCK_CAPTURE_AUTORELEASING = YES;
				CLANG_WARN_BOOL_CONVERSION = YES;
				CLANG_WARN_COMMA = YES;
				CLANG_WARN_CONSTANT_CONVERSION = YES;
				CLANG_WARN_DEPRECATED_OBJC_IMPLEMENTATIONS = YES;
				CLANG_WARN_DIRECT_OBJC_ISA_USAGE = YES_ERROR;
				CLANG_WARN_DOCUMENTATION_COMMENTS = YES;
				CLANG_WARN_EMPTY_BODY = YES;
				CLANG_WARN_ENUM_CONVERSION = YES;
				CLANG_WARN_INFINITE_RECURSION = YES;
				CLANG_WARN_INT_CONVERSION = YES;
				CLANG_WARN_NON_LITERAL_NULL_CONVERSION = YES;
				CLANG_WARN_OBJC_IMPLICIT_RETAIN_SELF = YES;
				CLANG_WARN_OBJC_LITERAL_CONVERSION = YES;
				CLANG_WARN_OBJC_ROOT_CLASS = YES_ERROR;
				CLANG_WARN_RANGE_LOOP_ANALYSIS = YES;
				CLANG_WARN_STRICT_PROTOTYPES = YES;
				CLANG_WARN_SUSPICIOUS_MOVE = YES;
				CLANG_WARN_UNGUARDED_AVAILABILITY = YES_AGGRESSIVE;
				CLANG_WARN_UNREACHABLE_CODE = YES;
				CLANG_WARN__DUPLICATE_METHOD_MATCH = YES;
				COPY_PHASE_STRIP = NO;
				DEBUG_INFORMATION_FORMAT = dwarf;
				ENABLE_STRICT_OBJC_MSGSEND = YES;
				ENABLE_TESTABILITY = YES;
				GCC_C_LANGUAGE_STANDARD = gnu11;
				GCC_DYNAMIC_NO_PIC = NO;
				GCC_NO_COMMON_BLOCKS = YES;
				GCC_OPTIMIZATION_LEVEL = 0;
				GCC_PREPROCESSOR_DEFINITIONS = (
					"DEBUG=1",
					"$(inherited)",
				);
				GCC_WARN_64_TO_32_BIT_CONVERSION = YES;
				GCC_WARN_ABOUT_RETURN_TYPE = YES_ERROR;
				GCC_WARN_UNDECLARED_SELECTOR = YES;
				GCC_WARN_UNINITIALIZED_AUTOS = YES_AGGRESSIVE;
				GCC_WARN_UNUSED_FUNCTION = YES;
				GCC_WARN_UNUSED_VARIABLE = YES;
				IPHONEOS_DEPLOYMENT_TARGET = 13.5;
				MTL_ENABLE_DEBUG_INFO = INCLUDE_SOURCE;
				MTL_FAST_MATH = YES;
				ONLY_ACTIVE_ARCH = YES;
				SDKROOT = iphoneos;
				SWIFT_ACTIVE_COMPILATION_CONDITIONS = DEBUG;
				SWIFT_OPTIMIZATION_LEVEL = "-Onone";
			};
			name = Debug;
		};
		A642D137248E94E4006293F4 /* Release */ = {
			isa = XCBuildConfiguration;
			buildSettings = {
				ALWAYS_SEARCH_USER_PATHS = NO;
				CLANG_ANALYZER_NONNULL = YES;
				CLANG_ANALYZER_NUMBER_OBJECT_CONVERSION = YES_AGGRESSIVE;
				CLANG_CXX_LANGUAGE_STANDARD = "gnu++14";
				CLANG_CXX_LIBRARY = "libc++";
				CLANG_ENABLE_MODULES = YES;
				CLANG_ENABLE_OBJC_ARC = YES;
				CLANG_ENABLE_OBJC_WEAK = YES;
				CLANG_WARN_BLOCK_CAPTURE_AUTORELEASING = YES;
				CLANG_WARN_BOOL_CONVERSION = YES;
				CLANG_WARN_COMMA = YES;
				CLANG_WARN_CONSTANT_CONVERSION = YES;
				CLANG_WARN_DEPRECATED_OBJC_IMPLEMENTATIONS = YES;
				CLANG_WARN_DIRECT_OBJC_ISA_USAGE = YES_ERROR;
				CLANG_WARN_DOCUMENTATION_COMMENTS = YES;
				CLANG_WARN_EMPTY_BODY = YES;
				CLANG_WARN_ENUM_CONVERSION = YES;
				CLANG_WARN_INFINITE_RECURSION = YES;
				CLANG_WARN_INT_CONVERSION = YES;
				CLANG_WARN_NON_LITERAL_NULL_CONVERSION = YES;
				CLANG_WARN_OBJC_IMPLICIT_RETAIN_SELF = YES;
				CLANG_WARN_OBJC_LITERAL_CONVERSION = YES;
				CLANG_WARN_OBJC_ROOT_CLASS = YES_ERROR;
				CLANG_WARN_RANGE_LOOP_ANALYSIS = YES;
				CLANG_WARN_STRICT_PROTOTYPES = YES;
				CLANG_WARN_SUSPICIOUS_MOVE = YES;
				CLANG_WARN_UNGUARDED_AVAILABILITY = YES_AGGRESSIVE;
				CLANG_WARN_UNREACHABLE_CODE = YES;
				CLANG_WARN__DUPLICATE_METHOD_MATCH = YES;
				COPY_PHASE_STRIP = NO;
				DEBUG_INFORMATION_FORMAT = "dwarf-with-dsym";
				ENABLE_NS_ASSERTIONS = NO;
				ENABLE_STRICT_OBJC_MSGSEND = YES;
				GCC_C_LANGUAGE_STANDARD = gnu11;
				GCC_NO_COMMON_BLOCKS = YES;
				GCC_WARN_64_TO_32_BIT_CONVERSION = YES;
				GCC_WARN_ABOUT_RETURN_TYPE = YES_ERROR;
				GCC_WARN_UNDECLARED_SELECTOR = YES;
				GCC_WARN_UNINITIALIZED_AUTOS = YES_AGGRESSIVE;
				GCC_WARN_UNUSED_FUNCTION = YES;
				GCC_WARN_UNUSED_VARIABLE = YES;
				IPHONEOS_DEPLOYMENT_TARGET = 13.5;
				MTL_ENABLE_DEBUG_INFO = NO;
				MTL_FAST_MATH = YES;
				SDKROOT = iphoneos;
				SWIFT_COMPILATION_MODE = wholemodule;
				SWIFT_OPTIMIZATION_LEVEL = "-O";
				VALIDATE_PRODUCT = YES;
			};
			name = Release;
		};
		A642D139248E94E4006293F4 /* Debug */ = {
			isa = XCBuildConfiguration;
			buildSettings = {
				ASSETCATALOG_COMPILER_APPICON_NAME = AppIcon;
				CODE_SIGN_STYLE = Automatic;
				INFOPLIST_FILE = ToDoList/Info.plist;
				LD_RUNPATH_SEARCH_PATHS = (
					"$(inherited)",
					"@executable_path/Frameworks",
				);
				PRODUCT_BUNDLE_IDENTIFIER = KWK.FinalProject;
				PRODUCT_NAME = FinalProject;
				SWIFT_VERSION = 5.0;
				TARGETED_DEVICE_FAMILY = "1,2";
			};
			name = Debug;
		};
		A642D13A248E94E4006293F4 /* Release */ = {
			isa = XCBuildConfiguration;
			buildSettings = {
				ASSETCATALOG_COMPILER_APPICON_NAME = AppIcon;
				CODE_SIGN_STYLE = Automatic;
				INFOPLIST_FILE = ToDoList/Info.plist;
				LD_RUNPATH_SEARCH_PATHS = (
					"$(inherited)",
					"@executable_path/Frameworks",
				);
				PRODUCT_BUNDLE_IDENTIFIER = KWK.FinalProject;
				PRODUCT_NAME = FinalProject;
				SWIFT_VERSION = 5.0;
				TARGETED_DEVICE_FAMILY = "1,2";
			};
			name = Release;
		};
		A642D13C248E94E4006293F4 /* Debug */ = {
			isa = XCBuildConfiguration;
			buildSettings = {
				ALWAYS_EMBED_SWIFT_STANDARD_LIBRARIES = YES;
				BUNDLE_LOADER = "$(TEST_HOST)";
				CODE_SIGN_STYLE = Automatic;
				INFOPLIST_FILE = ToDoListTests/Info.plist;
				IPHONEOS_DEPLOYMENT_TARGET = 13.5;
				LD_RUNPATH_SEARCH_PATHS = (
					"$(inherited)",
					"@executable_path/Frameworks",
					"@loader_path/Frameworks",
				);
				PRODUCT_BUNDLE_IDENTIFIER = KWK.ToDoListTests;
				PRODUCT_NAME = "$(TARGET_NAME)";
				SWIFT_VERSION = 5.0;
				TARGETED_DEVICE_FAMILY = "1,2";
				TEST_HOST = "$(BUILT_PRODUCTS_DIR)/ToDoList.app/ToDoList";
			};
			name = Debug;
		};
		A642D13D248E94E4006293F4 /* Release */ = {
			isa = XCBuildConfiguration;
			buildSettings = {
				ALWAYS_EMBED_SWIFT_STANDARD_LIBRARIES = YES;
				BUNDLE_LOADER = "$(TEST_HOST)";
				CODE_SIGN_STYLE = Automatic;
				INFOPLIST_FILE = ToDoListTests/Info.plist;
				IPHONEOS_DEPLOYMENT_TARGET = 13.5;
				LD_RUNPATH_SEARCH_PATHS = (
					"$(inherited)",
					"@executable_path/Frameworks",
					"@loader_path/Frameworks",
				);
				PRODUCT_BUNDLE_IDENTIFIER = KWK.ToDoListTests;
				PRODUCT_NAME = "$(TARGET_NAME)";
				SWIFT_VERSION = 5.0;
				TARGETED_DEVICE_FAMILY = "1,2";
				TEST_HOST = "$(BUILT_PRODUCTS_DIR)/ToDoList.app/ToDoList";
			};
			name = Release;
		};
		A642D13F248E94E4006293F4 /* Debug */ = {
			isa = XCBuildConfiguration;
			buildSettings = {
				ALWAYS_EMBED_SWIFT_STANDARD_LIBRARIES = YES;
				CODE_SIGN_STYLE = Automatic;
				INFOPLIST_FILE = ToDoListUITests/Info.plist;
				LD_RUNPATH_SEARCH_PATHS = (
					"$(inherited)",
					"@executable_path/Frameworks",
					"@loader_path/Frameworks",
				);
				PRODUCT_BUNDLE_IDENTIFIER = KWK.ToDoListUITests;
				PRODUCT_NAME = "$(TARGET_NAME)";
				SWIFT_VERSION = 5.0;
				TARGETED_DEVICE_FAMILY = "1,2";
				TEST_TARGET_NAME = ToDoList;
			};
			name = Debug;
		};
		A642D140248E94E4006293F4 /* Release */ = {
			isa = XCBuildConfiguration;
			buildSettings = {
				ALWAYS_EMBED_SWIFT_STANDARD_LIBRARIES = YES;
				CODE_SIGN_STYLE = Automatic;
				INFOPLIST_FILE = ToDoListUITests/Info.plist;
				LD_RUNPATH_SEARCH_PATHS = (
					"$(inherited)",
					"@executable_path/Frameworks",
					"@loader_path/Frameworks",
				);
				PRODUCT_BUNDLE_IDENTIFIER = KWK.ToDoListUITests;
				PRODUCT_NAME = "$(TARGET_NAME)";
				SWIFT_VERSION = 5.0;
				TARGETED_DEVICE_FAMILY = "1,2";
				TEST_TARGET_NAME = ToDoList;
			};
			name = Release;
		};
/* End XCBuildConfiguration section */

/* Begin XCConfigurationList section */
		A642D106248E94DB006293F4 /* Build configuration list for PBXProject "ToDoList" */ = {
			isa = XCConfigurationList;
			buildConfigurations = (
				A642D136248E94E4006293F4 /* Debug */,
				A642D137248E94E4006293F4 /* Release */,
			);
			defaultConfigurationIsVisible = 0;
			defaultConfigurationName = Release;
		};
		A642D138248E94E4006293F4 /* Build configuration list for PBXNativeTarget "ToDoList" */ = {
			isa = XCConfigurationList;
			buildConfigurations = (
				A642D139248E94E4006293F4 /* Debug */,
				A642D13A248E94E4006293F4 /* Release */,
			);
			defaultConfigurationIsVisible = 0;
			defaultConfigurationName = Release;
		};
		A642D13B248E94E4006293F4 /* Build configuration list for PBXNativeTarget "ToDoListTests" */ = {
			isa = XCConfigurationList;
			buildConfigurations = (
				A642D13C248E94E4006293F4 /* Debug */,
				A642D13D248E94E4006293F4 /* Release */,
			);
			defaultConfigurationIsVisible = 0;
			defaultConfigurationName = Release;
		};
		A642D13E248E94E4006293F4 /* Build configuration list for PBXNativeTarget "ToDoListUITests" */ = {
			isa = XCConfigurationList;
			buildConfigurations = (
				A642D13F248E94E4006293F4 /* Debug */,
				A642D140248E94E4006293F4 /* Release */,
			);
			defaultConfigurationIsVisible = 0;
			defaultConfigurationName = Release;
		};
/* End XCConfigurationList section */

/* Begin XCVersionGroup section */
		A642D117248E94DC006293F4 /* ToDoList.xcdatamodeld */ = {
			isa = XCVersionGroup;
			children = (
				A642D118248E94DC006293F4 /* ToDoList.xcdatamodel */,
			);
			currentVersion = A642D118248E94DC006293F4 /* ToDoList.xcdatamodel */;
			path = ToDoList.xcdatamodeld;
			sourceTree = "<group>";
			versionGroupType = wrapper.xcdatamodel;
		};
/* End XCVersionGroup section */
	};
	rootObject = A642D103248E94DB006293F4 /* Project object */;
}
